// !$*UTF8*$!
{
	archiveVersion = 1;
	classes = {
	};
	objectVersion = 50;
	objects = {

/* Begin PBXBuildFile section */
		1E89EC2425C6F8A10017E9AF /* WeatherApp.swift in Sources */ = {isa = PBXBuildFile; fileRef = 1E89EC2325C6F8A10017E9AF /* WeatherApp.swift */; };
		1E89EC2625C6F8A10017E9AF /* WeatherList.swift in Sources */ = {isa = PBXBuildFile; fileRef = 1E89EC2525C6F8A10017E9AF /* WeatherList.swift */; };
		1E89EC2825C6F8A20017E9AF /* Assets.xcassets in Resources */ = {isa = PBXBuildFile; fileRef = 1E89EC2725C6F8A20017E9AF /* Assets.xcassets */; };
		1E89EC2B25C6F8A20017E9AF /* Preview Assets.xcassets in Resources */ = {isa = PBXBuildFile; fileRef = 1E89EC2A25C6F8A20017E9AF /* Preview Assets.xcassets */; };
		1E8ECB0A25C9A1DD006F5A64 /* CityRow.swift in Sources */ = {isa = PBXBuildFile; fileRef = 1E8ECB0925C9A1DD006F5A64 /* CityRow.swift */; };
		1ED3FCB625C9A57300304637 /* city.list.json in Resources */ = {isa = PBXBuildFile; fileRef = 1ED3FCB525C9A57300304637 /* city.list.json */; };
		1ED3FCBA25C9A5FB00304637 /* NetworkManager.swift in Sources */ = {isa = PBXBuildFile; fileRef = 1ED3FCB925C9A5FB00304637 /* NetworkManager.swift */; };
		1ED3FCBD25C9A7F800304637 /* CityModel.swift in Sources */ = {isa = PBXBuildFile; fileRef = 1ED3FCBC25C9A7F800304637 /* CityModel.swift */; };
		1ED3FCC025C9A8A500304637 /* CityView.swift in Sources */ = {isa = PBXBuildFile; fileRef = 1ED3FCBF25C9A8A500304637 /* CityView.swift */; };
/* End PBXBuildFile section */

/* Begin PBXFileReference section */
		1E89EC2025C6F8A10017E9AF /* Weather.app */ = {isa = PBXFileReference; explicitFileType = wrapper.application; includeInIndex = 0; path = Weather.app; sourceTree = BUILT_PRODUCTS_DIR; };
		1E89EC2325C6F8A10017E9AF /* WeatherApp.swift */ = {isa = PBXFileReference; lastKnownFileType = sourcecode.swift; path = WeatherApp.swift; sourceTree = "<group>"; };
		1E89EC2525C6F8A10017E9AF /* WeatherList.swift */ = {isa = PBXFileReference; lastKnownFileType = sourcecode.swift; path = WeatherList.swift; sourceTree = "<group>"; };
		1E89EC2725C6F8A20017E9AF /* Assets.xcassets */ = {isa = PBXFileReference; lastKnownFileType = folder.assetcatalog; path = Assets.xcassets; sourceTree = "<group>"; };
		1E89EC2A25C6F8A20017E9AF /* Preview Assets.xcassets */ = {isa = PBXFileReference; lastKnownFileType = folder.assetcatalog; path = "Preview Assets.xcassets"; sourceTree = "<group>"; };
		1E89EC2C25C6F8A20017E9AF /* Info.plist */ = {isa = PBXFileReference; lastKnownFileType = text.plist.xml; path = Info.plist; sourceTree = "<group>"; };
		1E8ECB0925C9A1DD006F5A64 /* CityRow.swift */ = {isa = PBXFileReference; lastKnownFileType = sourcecode.swift; path = CityRow.swift; sourceTree = "<group>"; };
		1ED3FCB525C9A57300304637 /* city.list.json */ = {isa = PBXFileReference; fileEncoding = 4; lastKnownFileType = text.json; path = city.list.json; sourceTree = "<group>"; };
		1ED3FCB925C9A5FB00304637 /* NetworkManager.swift */ = {isa = PBXFileReference; lastKnownFileType = sourcecode.swift; path = NetworkManager.swift; sourceTree = "<group>"; };
		1ED3FCBC25C9A7F800304637 /* CityModel.swift */ = {isa = PBXFileReference; lastKnownFileType = sourcecode.swift; path = CityModel.swift; sourceTree = "<group>"; };
		1ED3FCBF25C9A8A500304637 /* CityView.swift */ = {isa = PBXFileReference; lastKnownFileType = sourcecode.swift; path = CityView.swift; sourceTree = "<group>"; };
/* End PBXFileReference section */

/* Begin PBXFrameworksBuildPhase section */
		1E89EC1D25C6F8A10017E9AF /* Frameworks */ = {
			isa = PBXFrameworksBuildPhase;
			buildActionMask = 2147483647;
			files = (
			);
			runOnlyForDeploymentPostprocessing = 0;
		};
/* End PBXFrameworksBuildPhase section */

/* Begin PBXGroup section */
		1E89EC1725C6F8A10017E9AF = {
			isa = PBXGroup;
			children = (
				1E89EC2225C6F8A10017E9AF /* Weather */,
				1E89EC2125C6F8A10017E9AF /* Products */,
			);
			sourceTree = "<group>";
		};
		1E89EC2125C6F8A10017E9AF /* Products */ = {
			isa = PBXGroup;
			children = (
				1E89EC2025C6F8A10017E9AF /* Weather.app */,
			);
			name = Products;
			sourceTree = "<group>";
		};
		1E89EC2225C6F8A10017E9AF /* Weather */ = {
			isa = PBXGroup;
			children = (
				1ED3FCB825C9A5E100304637 /* NetworkManager */,
				1E8ECB0825C9A1B4006F5A64 /* Model */,
				1E8ECB0725C9A1AC006F5A64 /* View */,
				1E89EC2325C6F8A10017E9AF /* WeatherApp.swift */,
				1E89EC2725C6F8A20017E9AF /* Assets.xcassets */,
				1E89EC2C25C6F8A20017E9AF /* Info.plist */,
				1E89EC2925C6F8A20017E9AF /* Preview Content */,
			);
			path = Weather;
			sourceTree = "<group>";
		};
		1E89EC2925C6F8A20017E9AF /* Preview Content */ = {
			isa = PBXGroup;
			children = (
				1E89EC2A25C6F8A20017E9AF /* Preview Assets.xcassets */,
			);
			path = "Preview Content";
			sourceTree = "<group>";
		};
		1E8ECB0725C9A1AC006F5A64 /* View */ = {
			isa = PBXGroup;
			children = (
				1E89EC2525C6F8A10017E9AF /* WeatherList.swift */,
				1E8ECB0925C9A1DD006F5A64 /* CityRow.swift */,
				1ED3FCBF25C9A8A500304637 /* CityView.swift */,
			);
			path = View;
			sourceTree = "<group>";
		};
		1E8ECB0825C9A1B4006F5A64 /* Model */ = {
			isa = PBXGroup;
			children = (
				1ED3FCB525C9A57300304637 /* city.list.json */,
				1ED3FCBC25C9A7F800304637 /* CityModel.swift */,
			);
			path = Model;
			sourceTree = "<group>";
		};
		1ED3FCB825C9A5E100304637 /* NetworkManager */ = {
			isa = PBXGroup;
			children = (
				1ED3FCB925C9A5FB00304637 /* NetworkManager.swift */,
			);
			path = NetworkManager;
			sourceTree = "<group>";
		};
/* End PBXGroup section */

/* Begin PBXNativeTarget section */
		1E89EC1F25C6F8A10017E9AF /* Weather */ = {
			isa = PBXNativeTarget;
			buildConfigurationList = 1E89EC2F25C6F8A20017E9AF /* Build configuration list for PBXNativeTarget "Weather" */;
			buildPhases = (
				1E89EC1C25C6F8A10017E9AF /* Sources */,
				1E89EC1D25C6F8A10017E9AF /* Frameworks */,
				1E89EC1E25C6F8A10017E9AF /* Resources */,
			);
			buildRules = (
			);
			dependencies = (
			);
			name = Weather;
			productName = Weather;
			productReference = 1E89EC2025C6F8A10017E9AF /* Weather.app */;
			productType = "com.apple.product-type.application";
		};
/* End PBXNativeTarget section */

/* Begin PBXProject section */
		1E89EC1825C6F8A10017E9AF /* Project object */ = {
			isa = PBXProject;
			attributes = {
				LastSwiftUpdateCheck = 1240;
				LastUpgradeCheck = 1240;
				TargetAttributes = {
					1E89EC1F25C6F8A10017E9AF = {
						CreatedOnToolsVersion = 12.4;
					};
				};
			};
			buildConfigurationList = 1E89EC1B25C6F8A10017E9AF /* Build configuration list for PBXProject "Weather" */;
			compatibilityVersion = "Xcode 9.3";
			developmentRegion = en;
			hasScannedForEncodings = 0;
			knownRegions = (
				en,
				Base,
			);
			mainGroup = 1E89EC1725C6F8A10017E9AF;
			productRefGroup = 1E89EC2125C6F8A10017E9AF /* Products */;
			projectDirPath = "";
			projectRoot = "";
			targets = (
				1E89EC1F25C6F8A10017E9AF /* Weather */,
			);
		};
/* End PBXProject section */

/* Begin PBXResourcesBuildPhase section */
		1E89EC1E25C6F8A10017E9AF /* Resources */ = {
			isa = PBXResourcesBuildPhase;
			buildActionMask = 2147483647;
			files = (
				1E89EC2B25C6F8A20017E9AF /* Preview Assets.xcassets in Resources */,
				1E89EC2825C6F8A20017E9AF /* Assets.xcassets in Resources */,
				1ED3FCB625C9A57300304637 /* city.list.json in Resources */,
			);
			runOnlyForDeploymentPostprocessing = 0;
		};
/* End PBXResourcesBuildPhase section */

/* Begin PBXSourcesBuildPhase section */
		1E89EC1C25C6F8A10017E9AF /* Sources */ = {
			isa = PBXSourcesBuildPhase;
			buildActionMask = 2147483647;
			files = (
				1ED3FCBD25C9A7F800304637 /* CityModel.swift in Sources */,
				1ED3FCC025C9A8A500304637 /* CityView.swift in Sources */,
				1ED3FCBA25C9A5FB00304637 /* NetworkManager.swift in Sources */,
				1E89EC2625C6F8A10017E9AF /* WeatherList.swift in Sources */,
				1E89EC2425C6F8A10017E9AF /* WeatherApp.swift in Sources */,
				1E8ECB0A25C9A1DD006F5A64 /* CityRow.swift in Sources */,
			);
			runOnlyForDeploymentPostprocessing = 0;
		};
/* End PBXSourcesBuildPhase section */

/* Begin XCBuildConfiguration section */
		1E89EC2D25C6F8A20017E9AF /* Debug */ = {
			isa = XCBuildConfiguration;
			buildSettings = {
				ALWAYS_SEARCH_USER_PATHS = NO;
				CLANG_ANALYZER_NONNULL = YES;
				CLANG_ANALYZER_NUMBER_OBJECT_CONVERSION = YES_AGGRESSIVE;
				CLANG_CXX_LANGUAGE_STANDARD = "gnu++14";
				CLANG_CXX_LIBRARY = "libc++";
				CLANG_ENABLE_MODULES = YES;
				CLANG_ENABLE_OBJC_ARC = YES;
				CLANG_ENABLE_OBJC_WEAK = YES;
				CLANG_WARN_BLOCK_CAPTURE_AUTORELEASING = YES;
				CLANG_WARN_BOOL_CONVERSION = YES;
				CLANG_WARN_COMMA = YES;
				CLANG_WARN_CONSTANT_CONVERSION = YES;
				CLANG_WARN_DEPRECATED_OBJC_IMPLEMENTATIONS = YES;
				CLANG_WARN_DIRECT_OBJC_ISA_USAGE = YES_ERROR;
				CLANG_WARN_DOCUMENTATION_COMMENTS = YES;
				CLANG_WARN_EMPTY_BODY = YES;
				CLANG_WARN_ENUM_CONVERSION = YES;
				CLANG_WARN_INFINITE_RECURSION = YES;
				CLANG_WARN_INT_CONVERSION = YES;
				CLANG_WARN_NON_LITERAL_NULL_CONVERSION = YES;
				CLANG_WARN_OBJC_IMPLICIT_RETAIN_SELF = YES;
				CLANG_WARN_OBJC_LITERAL_CONVERSION = YES;
				CLANG_WARN_OBJC_ROOT_CLASS = YES_ERROR;
				CLANG_WARN_QUOTED_INCLUDE_IN_FRAMEWORK_HEADER = YES;
				CLANG_WARN_RANGE_LOOP_ANALYSIS = YES;
				CLANG_WARN_STRICT_PROTOTYPES = YES;
				CLANG_WARN_SUSPICIOUS_MOVE = YES;
				CLANG_WARN_UNGUARDED_AVAILABILITY = YES_AGGRESSIVE;
				CLANG_WARN_UNREACHABLE_CODE = YES;
				CLANG_WARN__DUPLICATE_METHOD_MATCH = YES;
				COPY_PHASE_STRIP = NO;
				DEBUG_INFORMATION_FORMAT = dwarf;
				ENABLE_STRICT_OBJC_MSGSEND = YES;
				ENABLE_TESTABILITY = YES;
				GCC_C_LANGUAGE_STANDARD = gnu11;
				GCC_DYNAMIC_NO_PIC = NO;
				GCC_NO_COMMON_BLOCKS = YES;
				GCC_OPTIMIZATION_LEVEL = 0;
				GCC_PREPROCESSOR_DEFINITIONS = (
					"DEBUG=1",
					"$(inherited)",
				);
				GCC_WARN_64_TO_32_BIT_CONVERSION = YES;
				GCC_WARN_ABOUT_RETURN_TYPE = YES_ERROR;
				GCC_WARN_UNDECLARED_SELECTOR = YES;
				GCC_WARN_UNINITIALIZED_AUTOS = YES_AGGRESSIVE;
				GCC_WARN_UNUSED_FUNCTION = YES;
				GCC_WARN_UNUSED_VARIABLE = YES;
				IPHONEOS_DEPLOYMENT_TARGET = 14.4;
				MTL_ENABLE_DEBUG_INFO = INCLUDE_SOURCE;
				MTL_FAST_MATH = YES;
				ONLY_ACTIVE_ARCH = YES;
				SDKROOT = iphoneos;
				SWIFT_ACTIVE_COMPILATION_CONDITIONS = DEBUG;
				SWIFT_OPTIMIZATION_LEVEL = "-Onone";
			};
			name = Debug;
		};
		1E89EC2E25C6F8A20017E9AF /* Release */ = {
			isa = XCBuildConfiguration;
			buildSettings = {
				ALWAYS_SEARCH_USER_PATHS = NO;
				CLANG_ANALYZER_NONNULL = YES;
				CLANG_ANALYZER_NUMBER_OBJECT_CONVERSION = YES_AGGRESSIVE;
				CLANG_CXX_LANGUAGE_STANDARD = "gnu++14";
				CLANG_CXX_LIBRARY = "libc++";
				CLANG_ENABLE_MODULES = YES;
				CLANG_ENABLE_OBJC_ARC = YES;
				CLANG_ENABLE_OBJC_WEAK = YES;
				CLANG_WARN_BLOCK_CAPTURE_AUTORELEASING = YES;
				CLANG_WARN_BOOL_CONVERSION = YES;
				CLANG_WARN_COMMA = YES;
				CLANG_WARN_CONSTANT_CONVERSION = YES;
				CLANG_WARN_DEPRECATED_OBJC_IMPLEMENTATIONS = YES;
				CLANG_WARN_DIRECT_OBJC_ISA_USAGE = YES_ERROR;
				CLANG_WARN_DOCUMENTATION_COMMENTS = YES;
				CLANG_WARN_EMPTY_BODY = YES;
				CLANG_WARN_ENUM_CONVERSION = YES;
				CLANG_WARN_INFINITE_RECURSION = YES;
				CLANG_WARN_INT_CONVERSION = YES;
				CLANG_WARN_NON_LITERAL_NULL_CONVERSION = YES;
				CLANG_WARN_OBJC_IMPLICIT_RETAIN_SELF = YES;
				CLANG_WARN_OBJC_LITERAL_CONVERSION = YES;
				CLANG_WARN_OBJC_ROOT_CLASS = YES_ERROR;
				CLANG_WARN_QUOTED_INCLUDE_IN_FRAMEWORK_HEADER = YES;
				CLANG_WARN_RANGE_LOOP_ANALYSIS = YES;
				CLANG_WARN_STRICT_PROTOTYPES = YES;
				CLANG_WARN_SUSPICIOUS_MOVE = YES;
				CLANG_WARN_UNGUARDED_AVAILABILITY = YES_AGGRESSIVE;
				CLANG_WARN_UNREACHABLE_CODE = YES;
				CLANG_WARN__DUPLICATE_METHOD_MATCH = YES;
				COPY_PHASE_STRIP = NO;
				DEBUG_INFORMATION_FORMAT = "dwarf-with-dsym";
				ENABLE_NS_ASSERTIONS = NO;
				ENABLE_STRICT_OBJC_MSGSEND = YES;
				GCC_C_LANGUAGE_STANDARD = gnu11;
				GCC_NO_COMMON_BLOCKS = YES;
				GCC_WARN_64_TO_32_BIT_CONVERSION = YES;
				GCC_WARN_ABOUT_RETURN_TYPE = YES_ERROR;
				GCC_WARN_UNDECLARED_SELECTOR = YES;
				GCC_WARN_UNINITIALIZED_AUTOS = YES_AGGRESSIVE;
				GCC_WARN_UNUSED_FUNCTION = YES;
				GCC_WARN_UNUSED_VARIABLE = YES;
				IPHONEOS_DEPLOYMENT_TARGET = 14.4;
				MTL_ENABLE_DEBUG_INFO = NO;
				MTL_FAST_MATH = YES;
				SDKROOT = iphoneos;
				SWIFT_COMPILATION_MODE = wholemodule;
				SWIFT_OPTIMIZATION_LEVEL = "-O";
				VALIDATE_PRODUCT = YES;
			};
			name = Release;
		};
		1E89EC3025C6F8A20017E9AF /* Debug */ = {
			isa = XCBuildConfiguration;
			buildSettings = {
				ASSETCATALOG_COMPILER_APPICON_NAME = AppIcon;
				ASSETCATALOG_COMPILER_GLOBAL_ACCENT_COLOR_NAME = AccentColor;
				CODE_SIGN_STYLE = Automatic;
				DEVELOPMENT_ASSET_PATHS = "\"Weather/Preview Content\"";
				ENABLE_PREVIEWS = YES;
				INFOPLIST_FILE = Weather/Info.plist;
				IPHONEOS_DEPLOYMENT_TARGET = 14.0;
				LD_RUNPATH_SEARCH_PATHS = (
					"$(inherited)",
					"@executable_path/Frameworks",
				);
				PRODUCT_BUNDLE_IDENTIFIER = com.swiftui.Weather;
				PRODUCT_NAME = "$(TARGET_NAME)";
				SWIFT_VERSION = 5.0;
				TARGETED_DEVICE_FAMILY = "1,2";
			};
			name = Debug;
		};
		1E89EC3125C6F8A20017E9AF /* Release */ = {
			isa = XCBuildConfiguration;
			buildSettings = {
				ASSETCATALOG_COMPILER_APPICON_NAME = AppIcon;
				ASSETCATALOG_COMPILER_GLOBAL_ACCENT_COLOR_NAME = AccentColor;
				CODE_SIGN_STYLE = Automatic;
				DEVELOPMENT_ASSET_PATHS = "\"Weather/Preview Content\"";
				ENABLE_PREVIEWS = YES;
				INFOPLIST_FILE = Weather/Info.plist;
				IPHONEOS_DEPLOYMENT_TARGET = 14.0;
				LD_RUNPATH_SEARCH_PATHS = (
					"$(inherited)",
					"@executable_path/Frameworks",
				);
				PRODUCT_BUNDLE_IDENTIFIER = com.swiftui.Weather;
				PRODUCT_NAME = "$(TARGET_NAME)";
				SWIFT_VERSION = 5.0;
				TARGETED_DEVICE_FAMILY = "1,2";
			};
			name = Release;
		};
/* End XCBuildConfiguration section */

/* Begin XCConfigurationList section */
		1E89EC1B25C6F8A10017E9AF /* Build configuration list for PBXProject "Weather" */ = {
			isa = XCConfigurationList;
			buildConfigurations = (
				1E89EC2D25C6F8A20017E9AF /* Debug */,
				1E89EC2E25C6F8A20017E9AF /* Release */,
			);
			defaultConfigurationIsVisible = 0;
			defaultConfigurationName = Release;
		};
		1E89EC2F25C6F8A20017E9AF /* Build configuration list for PBXNativeTarget "Weather" */ = {
			isa = XCConfigurationList;
			buildConfigurations = (
				1E89EC3025C6F8A20017E9AF /* Debug */,
				1E89EC3125C6F8A20017E9AF /* Release */,
			);
			defaultConfigurationIsVisible = 0;
			defaultConfigurationName = Release;
		};
/* End XCConfigurationList section */
	};
	rootObject = 1E89EC1825C6F8A10017E9AF /* Project object */;
}
